
Microsoft Visual Studio Solution File, Format Version 12.00
# Visual Studio 15
VisualStudioVersion = 15.0.26430.14
MinimumVisualStudioVersion = 10.0.40219.1
Project("{8BC9CEB8-8B4A-11D0-8D11-00A0C91BC942}") = "170707_Example_Hero_1D_State", "170707_Example_Hero_1D_State\170707_Example_Hero_1D_State.vcxproj", "{2CD1680C-D567-479A-8789-A688BDE0E99B}"
EndProject
Global
	GlobalSection(SolutionConfigurationPlatforms) = preSolution
		Debug|x64 = Debug|x64
		Debug|x86 = Debug|x86
		Release|x64 = Release|x64
		Release|x86 = Release|x86
	EndGlobalSection
	GlobalSection(ProjectConfigurationPlatforms) = postSolution
		{2CD1680C-D567-479A-8789-A688BDE0E99B}.Debug|x64.ActiveCfg = Debug|x64
		{2CD1680C-D567-479A-8789-A688BDE0E99B}.Debug|x64.Build.0 = Debug|x64
		{2CD1680C-D567-479A-8789-A688BDE0E99B}.Debug|x86.ActiveCfg = Debug|Win32
		{2CD1680C-D567-479A-8789-A688BDE0E99B}.Debug|x86.Build.0 = Debug|Win32
		{2CD1680C-D567-479A-8789-A688BDE0E99B}.Release|x64.ActiveCfg = Release|x64
		{2CD1680C-D567-479A-8789-A688BDE0E99B}.Release|x64.Build.0 = Release|x64
		{2CD1680C-D567-479A-8789-A688BDE0E99B}.Release|x86.ActiveCfg = Release|Win32
		{2CD1680C-D567-479A-8789-A688BDE0E99B}.Release|x86.Build.0 = Release|Win32
	EndGlobalSection
	GlobalSection(SolutionProperties) = preSolution
		HideSolutionNode = FALSE
	EndGlobalSection
EndGlobal
