
Microsoft Visual Studio Solution File, Format Version 12.00
# Visual Studio 2017
Project("{FAE04EC0-301F-11D3-BF4B-00C04F79EFBC}") = "170920_FloodFill", "170920_FloodFill.csproj", "{011DB4AD-30AE-578A-B36B-30216731779F}"
EndProject
Global
	GlobalSection(SolutionConfigurationPlatforms) = preSolution
		Debug|Any CPU = Debug|Any CPU
		Release|Any CPU = Release|Any CPU
	EndGlobalSection
	GlobalSection(ProjectConfigurationPlatforms) = postSolution
		{011DB4AD-30AE-578A-B36B-30216731779F}.Debug|Any CPU.ActiveCfg = Debug|Any CPU
		{011DB4AD-30AE-578A-B36B-30216731779F}.Debug|Any CPU.Build.0 = Debug|Any CPU
		{011DB4AD-30AE-578A-B36B-30216731779F}.Release|Any CPU.ActiveCfg = Release|Any CPU
		{011DB4AD-30AE-578A-B36B-30216731779F}.Release|Any CPU.Build.0 = Release|Any CPU
	EndGlobalSection
	GlobalSection(SolutionProperties) = preSolution
		HideSolutionNode = FALSE
	EndGlobalSection
EndGlobal
