
Microsoft Visual Studio Solution File, Format Version 12.00
# Visual Studio 15
VisualStudioVersion = 15.0.26430.14
MinimumVisualStudioVersion = 10.0.40219.1
Project("{8BC9CEB8-8B4A-11D0-8D11-00A0C91BC942}") = "day1_ex2", "day1_ex2\day1_ex2.vcxproj", "{12CE8E19-4AE8-48BD-9D5B-0F0020AA3F41}"
EndProject
Global
	GlobalSection(SolutionConfigurationPlatforms) = preSolution
		Debug|x64 = Debug|x64
		Debug|x86 = Debug|x86
		Release|x64 = Release|x64
		Release|x86 = Release|x86
	EndGlobalSection
	GlobalSection(ProjectConfigurationPlatforms) = postSolution
		{12CE8E19-4AE8-48BD-9D5B-0F0020AA3F41}.Debug|x64.ActiveCfg = Debug|x64
		{12CE8E19-4AE8-48BD-9D5B-0F0020AA3F41}.Debug|x64.Build.0 = Debug|x64
		{12CE8E19-4AE8-48BD-9D5B-0F0020AA3F41}.Debug|x86.ActiveCfg = Debug|Win32
		{12CE8E19-4AE8-48BD-9D5B-0F0020AA3F41}.Debug|x86.Build.0 = Debug|Win32
		{12CE8E19-4AE8-48BD-9D5B-0F0020AA3F41}.Release|x64.ActiveCfg = Release|x64
		{12CE8E19-4AE8-48BD-9D5B-0F0020AA3F41}.Release|x64.Build.0 = Release|x64
		{12CE8E19-4AE8-48BD-9D5B-0F0020AA3F41}.Release|x86.ActiveCfg = Release|Win32
		{12CE8E19-4AE8-48BD-9D5B-0F0020AA3F41}.Release|x86.Build.0 = Release|Win32
	EndGlobalSection
	GlobalSection(SolutionProperties) = preSolution
		HideSolutionNode = FALSE
	EndGlobalSection
EndGlobal
